lockfileVersion: '6.0'

settings:
  autoInstallPeers: true
  excludeLinksFromLockfile: false

dependencies:
  '@vueuse/core':
    specifier: ^10.9.0
    version: 10.9.0(vue@3.4.21)
  echarts:
    specifier: ^5.5.0
    version: 5.5.0
  lodash-es:
    specifier: ^4.17.21
    version: 4.17.21
  vue:
    specifier: ^3.4.21
    version: 3.4.21

devDependencies:
  '@landao/types':
    specifier: ^1.0.2
    version: 1.0.2

packages:

  /@babel/helper-string-parser@7.23.4:
    resolution: {integrity: sha512-803gmbQdqwdf4olxrX4AJyFBV/RTr3rSmOj0rKwesmzlfhYNDEs+/iOcznzpNWlJlIlTJC2QfPFcHB6DlzdVLQ==}
    engines: {node: '>=6.9.0'}
    dev: false

  /@babel/helper-validator-identifier@7.22.20:
    resolution: {integrity: sha512-Y4OZ+ytlatR8AI+8KZfKuL5urKp7qey08ha31L8b3BwewJAoJamTzyvxPR/5D+KkdJCGPq/+8TukHBlY10FX9A==}
    engines: {node: '>=6.9.0'}
    dev: false

  /@babel/parser@7.23.9:
    resolution: {integrity: sha512-9tcKgqKbs3xGJ+NtKF2ndOBBLVwPjl1SHxPQkd36r3Dlirw3xWUeGaTbqr7uGZcTaxkVNwc+03SVP7aCdWrTlA==}
    engines: {node: '>=6.0.0'}
    hasBin: true
    dependencies:
      '@babel/types': 7.23.9
    dev: false

  /@babel/types@7.23.9:
    resolution: {integrity: sha512-dQjSq/7HaSjRM43FFGnv5keM2HsxpmyV1PfaSVm0nzzjwwTmjOe6J4bC8e3+pTEIgHaHj+1ZlLThRJ2auc/w1Q==}
    engines: {node: '>=6.9.0'}
    dependencies:
      '@babel/helper-string-parser': 7.23.4
      '@babel/helper-validator-identifier': 7.22.20
      to-fast-properties: 2.0.0
    dev: false

  /@jridgewell/sourcemap-codec@1.4.15:
    resolution: {integrity: sha512-eF2rxCRulEKXHTRiDrDy6erMYWqNw4LPdQ8UQA4huuxaQsVeRPFl2oM8oDGxMFhJUWZf9McpLtJasDDZb/Bpeg==}
    dev: false

  /@landao/types@1.0.2:
    resolution: {integrity: sha512-K/QC7X0G3qQBhNT+3HSIL0ejlveIfWSn1fH6F8rUVP6OI8MQTR1d0wDbBkjZVgsYi1Jvb5q5yhF1c/p3HsHCuw==}
    dev: true

  /@types/web-bluetooth@0.0.20:
    resolution: {integrity: sha512-g9gZnnXVq7gM7v3tJCWV/qw7w+KeOlSHAhgF9RytFyifW6AF61hdT2ucrYhPq9hLs5JIryeupHV3qGk95dH9ow==}
    dev: false

  /@vue/compiler-core@3.4.21:
    resolution: {integrity: sha512-MjXawxZf2SbZszLPYxaFCjxfibYrzr3eYbKxwpLR9EQN+oaziSu3qKVbwBERj1IFIB8OLUewxB5m/BFzi613og==}
    dependencies:
      '@babel/parser': 7.23.9
      '@vue/shared': 3.4.21
      entities: 4.5.0
      estree-walker: 2.0.2
      source-map-js: 1.0.2
    dev: false

  /@vue/compiler-dom@3.4.21:
    resolution: {integrity: sha512-IZC6FKowtT1sl0CR5DpXSiEB5ayw75oT2bma1BEhV7RRR1+cfwLrxc2Z8Zq/RGFzJ8w5r9QtCOvTjQgdn0IKmA==}
    dependencies:
      '@vue/compiler-core': 3.4.21
      '@vue/shared': 3.4.21
    dev: false

  /@vue/compiler-sfc@3.4.21:
    resolution: {integrity: sha512-me7epoTxYlY+2CUM7hy9PCDdpMPfIwrOvAXud2Upk10g4YLv9UBW7kL798TvMeDhPthkZ0CONNrK2GoeI1ODiQ==}
    dependencies:
      '@babel/parser': 7.23.9
      '@vue/compiler-core': 3.4.21
      '@vue/compiler-dom': 3.4.21
      '@vue/compiler-ssr': 3.4.21
      '@vue/shared': 3.4.21
      estree-walker: 2.0.2
      magic-string: 0.30.8
      postcss: 8.4.35
      source-map-js: 1.0.2
    dev: false

  /@vue/compiler-ssr@3.4.21:
    resolution: {integrity: sha512-M5+9nI2lPpAsgXOGQobnIueVqc9sisBFexh5yMIMRAPYLa7+5wEJs8iqOZc1WAa9WQbx9GR2twgznU8LTIiZ4Q==}
    dependencies:
      '@vue/compiler-dom': 3.4.21
      '@vue/shared': 3.4.21
    dev: false

  /@vue/reactivity@3.4.21:
    resolution: {integrity: sha512-UhenImdc0L0/4ahGCyEzc/pZNwVgcglGy9HVzJ1Bq2Mm9qXOpP8RyNTjookw/gOCUlXSEtuZ2fUg5nrHcoqJcw==}
    dependencies:
      '@vue/shared': 3.4.21
    dev: false

  /@vue/runtime-core@3.4.21:
    resolution: {integrity: sha512-pQthsuYzE1XcGZznTKn73G0s14eCJcjaLvp3/DKeYWoFacD9glJoqlNBxt3W2c5S40t6CCcpPf+jG01N3ULyrA==}
    dependencies:
      '@vue/reactivity': 3.4.21
      '@vue/shared': 3.4.21
    dev: false

  /@vue/runtime-dom@3.4.21:
    resolution: {integrity: sha512-gvf+C9cFpevsQxbkRBS1NpU8CqxKw0ebqMvLwcGQrNpx6gqRDodqKqA+A2VZZpQ9RpK2f9yfg8VbW/EpdFUOJw==}
    dependencies:
      '@vue/runtime-core': 3.4.21
      '@vue/shared': 3.4.21
      csstype: 3.1.3
    dev: false

  /@vue/server-renderer@3.4.21(vue@3.4.21):
    resolution: {integrity: sha512-aV1gXyKSN6Rz+6kZ6kr5+Ll14YzmIbeuWe7ryJl5muJ4uwSwY/aStXTixx76TwkZFJLm1aAlA/HSWEJ4EyiMkg==}
    peerDependencies:
      vue: 3.4.21
    dependencies:
      '@vue/compiler-ssr': 3.4.21
      '@vue/shared': 3.4.21
      vue: 3.4.21
    dev: false

  /@vue/shared@3.4.21:
    resolution: {integrity: sha512-PuJe7vDIi6VYSinuEbUIQgMIRZGgM8e4R+G+/dQTk0X1NEdvgvvgv7m+rfmDH1gZzyA1OjjoWskvHlfRNfQf3g==}
    dev: false

  /@vueuse/core@10.9.0(vue@3.4.21):
    resolution: {integrity: sha512-/1vjTol8SXnx6xewDEKfS0Ra//ncg4Hb0DaZiwKf7drgfMsKFExQ+FnnENcN6efPen+1kIzhLQoGSy0eDUVOMg==}
    dependencies:
      '@types/web-bluetooth': 0.0.20
      '@vueuse/metadata': 10.9.0
      '@vueuse/shared': 10.9.0(vue@3.4.21)
      vue-demi: 0.14.7(vue@3.4.21)
    transitivePeerDependencies:
      - '@vue/composition-api'
      - vue
    dev: false

  /@vueuse/metadata@10.9.0:
    resolution: {integrity: sha512-iddNbg3yZM0X7qFY2sAotomgdHK7YJ6sKUvQqbvwnf7TmaVPxS4EJydcNsVejNdS8iWCtDk+fYXr7E32nyTnGA==}
    dev: false

  /@vueuse/shared@10.9.0(vue@3.4.21):
    resolution: {integrity: sha512-Uud2IWncmAfJvRaFYzv5OHDli+FbOzxiVEQdLCKQKLyhz94PIyFC3CHcH7EDMwIn8NPtD06+PNbC/PiO0LGLtw==}
    dependencies:
      vue-demi: 0.14.7(vue@3.4.21)
    transitivePeerDependencies:
      - '@vue/composition-api'
      - vue
    dev: false

  /csstype@3.1.3:
    resolution: {integrity: sha512-M1uQkMl8rQK/szD0LNhtqxIPLpimGm8sOBwU7lLnCpSbTyY3yeU1Vc7l4KT5zT4s/yOxHH5O7tIuuLOCnLADRw==}
    dev: false

  /echarts@5.5.0:
    resolution: {integrity: sha512-rNYnNCzqDAPCr4m/fqyUFv7fD9qIsd50S6GDFgO1DxZhncCsNsG7IfUlAlvZe5oSEQxtsjnHiUuppzccry93Xw==}
    dependencies:
      tslib: 2.3.0
      zrender: 5.5.0
    dev: false

  /entities@4.5.0:
    resolution: {integrity: sha512-V0hjH4dGPh9Ao5p0MoRY6BVqtwCjhz6vI5LT8AJ55H+4g9/4vbHx1I54fS0XuclLhDHArPQCiMjDxjaL8fPxhw==}
    engines: {node: '>=0.12'}
    dev: false

  /estree-walker@2.0.2:
    resolution: {integrity: sha512-Rfkk/Mp/DL7JVje3u18FxFujQlTNR2q6QfMSMB7AvCBx91NGj/ba3kCfza0f6dVDbw7YlRf/nDrn7pQrCCyQ/w==}
    dev: false

  /lodash-es@4.17.21:
    resolution: {integrity: sha512-mKnC+QJ9pWVzv+C4/U3rRsHapFfHvQFoFB92e52xeyGMcX6/OlIl78je1u8vePzYZSkkogMPJ2yjxxsb89cxyw==}
    dev: false

  /magic-string@0.30.8:
    resolution: {integrity: sha512-ISQTe55T2ao7XtlAStud6qwYPZjE4GK1S/BeVPus4jrq6JuOnQ00YKQC581RWhR122W7msZV263KzVeLoqidyQ==}
    engines: {node: '>=12'}
    dependencies:
      '@jridgewell/sourcemap-codec': 1.4.15
    dev: false

  /nanoid@3.3.7:
    resolution: {integrity: sha512-eSRppjcPIatRIMC1U6UngP8XFcz8MQWGQdt1MTBQ7NaAmvXDfvNxbvWV3x2y6CdEUciCSsDHDQZbhYaB8QEo2g==}
    engines: {node: ^10 || ^12 || ^13.7 || ^14 || >=15.0.1}
    hasBin: true
    dev: false

  /picocolors@1.0.0:
    resolution: {integrity: sha512-1fygroTLlHu66zi26VoTDv8yRgm0Fccecssto+MhsZ0D/DGW2sm8E8AjW7NU5VVTRt5GxbeZ5qBuJr+HyLYkjQ==}
    dev: false

  /postcss@8.4.35:
    resolution: {integrity: sha512-u5U8qYpBCpN13BsiEB0CbR1Hhh4Gc0zLFuedrHJKMctHCHAGrMdG0PRM/KErzAL3CU6/eckEtmHNB3x6e3c0vA==}
    engines: {node: ^10 || ^12 || >=14}
    dependencies:
      nanoid: 3.3.7
      picocolors: 1.0.0
      source-map-js: 1.0.2
    dev: false

  /source-map-js@1.0.2:
    resolution: {integrity: sha512-R0XvVJ9WusLiqTCEiGCmICCMplcCkIwwR11mOSD9CR5u+IXYdiseeEuXCVAjS54zqwkLcPNnmU4OeJ6tUrWhDw==}
    engines: {node: '>=0.10.0'}
    dev: false

  /to-fast-properties@2.0.0:
    resolution: {integrity: sha512-/OaKK0xYrs3DmxRYqL/yDc+FxFUVYhDlXMhRmv3z915w2HF1tnN1omB354j8VUGO/hbRzyD6Y3sA7v7GS/ceog==}
    engines: {node: '>=4'}
    dev: false

  /tslib@2.3.0:
    resolution: {integrity: sha512-N82ooyxVNm6h1riLCoyS9e3fuJ3AMG2zIZs2Gd1ATcSFjSA23Q0fzjjZeh0jbJvWVDZ0cJT8yaNNaaXHzueNjg==}
    dev: false

  /vue-demi@0.14.7(vue@3.4.21):
    resolution: {integrity: sha512-EOG8KXDQNwkJILkx/gPcoL/7vH+hORoBaKgGe+6W7VFMvCYJfmF2dGbvgDroVnI8LU7/kTu8mbjRZGBU1z9NTA==}
    engines: {node: '>=12'}
    hasBin: true
    requiresBuild: true
    peerDependencies:
      '@vue/composition-api': ^1.0.0-rc.1
      vue: ^3.0.0-0 || ^2.6.0
    peerDependenciesMeta:
      '@vue/composition-api':
        optional: true
    dependencies:
      vue: 3.4.21
    dev: false

  /vue@3.4.21:
    resolution: {integrity: sha512-5hjyV/jLEIKD/jYl4cavMcnzKwjMKohureP8ejn3hhEjwhWIhWeuzL2kJAjzl/WyVsgPY56Sy4Z40C3lVshxXA==}
    peerDependencies:
      typescript: '*'
    peerDependenciesMeta:
      typescript:
        optional: true
    dependencies:
      '@vue/compiler-dom': 3.4.21
      '@vue/compiler-sfc': 3.4.21
      '@vue/runtime-dom': 3.4.21
      '@vue/server-renderer': 3.4.21(vue@3.4.21)
      '@vue/shared': 3.4.21
    dev: false

  /zrender@5.5.0:
    resolution: {integrity: sha512-O3MilSi/9mwoovx77m6ROZM7sXShR/O/JIanvzTwjN3FORfLSr81PsUGd7jlaYOeds9d8tw82oP44+3YucVo+w==}
    dependencies:
      tslib: 2.3.0
    dev: false
